// !$*UTF8*$!
{
	archiveVersion = 1;
	classes = {
	};
	objectVersion = 50;
	objects = {

/* Begin PBXBuildFile section */
		06D261433D659CC4C8C59635 /* Pods_ImageUploaderSampleTests.framework in Frameworks */ = {isa = PBXBuildFile; fileRef = 2BD320F62806FD6DBD3916E9 /* Pods_ImageUploaderSampleTests.framework */; };
		095B577219A970E805F73068 /* Pods_ImageUploaderSample.framework in Frameworks */ = {isa = PBXBuildFile; fileRef = 41A16799B5B0E0E31F467115 /* Pods_ImageUploaderSample.framework */; };
		136A9ECA23E8A42200B43F93 /* GalleryDetailPresenterTests.swift in Sources */ = {isa = PBXBuildFile; fileRef = 136A9EC923E8A42200B43F93 /* GalleryDetailPresenterTests.swift */; };
		136A9ECC23E8A45300B43F93 /* ImageHandlerViewControllerTests.swift in Sources */ = {isa = PBXBuildFile; fileRef = 136A9ECB23E8A45300B43F93 /* ImageHandlerViewControllerTests.swift */; };
		136A9ECE23E8A48300B43F93 /* GalleryDetailRouterTests.swift in Sources */ = {isa = PBXBuildFile; fileRef = 136A9ECD23E8A48300B43F93 /* GalleryDetailRouterTests.swift */; };
		13BECCAE23E8B18B001BD57B /* AlertControllerTests.swift in Sources */ = {isa = PBXBuildFile; fileRef = 13BECCAD23E8B18B001BD57B /* AlertControllerTests.swift */; };
		13BECCB023E8B1BA001BD57B /* RequestableTests.swift in Sources */ = {isa = PBXBuildFile; fileRef = 13BECCAF23E8B1BA001BD57B /* RequestableTests.swift */; };
		5E4408B323E41802003BBB91 /* GalleryDetailRouter.swift in Sources */ = {isa = PBXBuildFile; fileRef = 5E4408B223E41802003BBB91 /* GalleryDetailRouter.swift */; };
		5E4408B623E4184D003BBB91 /* GalleryDetailProtocol.swift in Sources */ = {isa = PBXBuildFile; fileRef = 5E4408B523E4184D003BBB91 /* GalleryDetailProtocol.swift */; };
		5E4408B823E41B15003BBB91 /* GalleryDetailPresenter.swift in Sources */ = {isa = PBXBuildFile; fileRef = 5E4408B723E41B15003BBB91 /* GalleryDetailPresenter.swift */; };
		5E4408BA23E55DD9003BBB91 /* ActivityIndicator.swift in Sources */ = {isa = PBXBuildFile; fileRef = 5E4408B923E55DD8003BBB91 /* ActivityIndicator.swift */; };
		5E4408BC23E55DFB003BBB91 /* AlertController.swift in Sources */ = {isa = PBXBuildFile; fileRef = 5E4408BB23E55DFB003BBB91 /* AlertController.swift */; };
		5E4408DB23E7320E003BBB91 /* GalleryViewRouterTest.swift in Sources */ = {isa = PBXBuildFile; fileRef = 5E4408DA23E7320E003BBB91 /* GalleryViewRouterTest.swift */; };
		5E4408DE23E7346F003BBB91 /* MockNavigationController.swift in Sources */ = {isa = PBXBuildFile; fileRef = 5E4408DD23E7346F003BBB91 /* MockNavigationController.swift */; };
		5E4408E023E734A0003BBB91 /* MockData.swift in Sources */ = {isa = PBXBuildFile; fileRef = 5E4408DF23E734A0003BBB91 /* MockData.swift */; };
		5E4408E423E7385E003BBB91 /* Resources.json in Resources */ = {isa = PBXBuildFile; fileRef = 5E4408E323E7385E003BBB91 /* Resources.json */; };
		5E4408E623E73AF3003BBB91 /* GalleryViewInteractorTests.swift in Sources */ = {isa = PBXBuildFile; fileRef = 5E4408E523E73AF3003BBB91 /* GalleryViewInteractorTests.swift */; };
		5E4408E723E75003003BBB91 /* Resources.json in Resources */ = {isa = PBXBuildFile; fileRef = 5E4408E323E7385E003BBB91 /* Resources.json */; };
		5E4408E923E75804003BBB91 /* GalleryViewPresenterTests.swift in Sources */ = {isa = PBXBuildFile; fileRef = 5E4408E823E75804003BBB91 /* GalleryViewPresenterTests.swift */; };
		5E4408EB23E76767003BBB91 /* GalleryViewControllerTests.swift in Sources */ = {isa = PBXBuildFile; fileRef = 5E4408EA23E76767003BBB91 /* GalleryViewControllerTests.swift */; };
		5E7C759623DECEBE00853682 /* AppDelegate.swift in Sources */ = {isa = PBXBuildFile; fileRef = 5E7C759523DECEBE00853682 /* AppDelegate.swift */; };
		5E7C759823DECEBE00853682 /* SceneDelegate.swift in Sources */ = {isa = PBXBuildFile; fileRef = 5E7C759723DECEBE00853682 /* SceneDelegate.swift */; };
		5E7C759D23DECEBE00853682 /* Main.storyboard in Resources */ = {isa = PBXBuildFile; fileRef = 5E7C759B23DECEBE00853682 /* Main.storyboard */; };
		5E7C759F23DECEC000853682 /* Assets.xcassets in Resources */ = {isa = PBXBuildFile; fileRef = 5E7C759E23DECEC000853682 /* Assets.xcassets */; };
		5E7C75A223DECEC000853682 /* LaunchScreen.storyboard in Resources */ = {isa = PBXBuildFile; fileRef = 5E7C75A023DECEC000853682 /* LaunchScreen.storyboard */; };
		5E7C75B823DECEC100853682 /* ImageUploaderSampleUITests.swift in Sources */ = {isa = PBXBuildFile; fileRef = 5E7C75B723DECEC100853682 /* ImageUploaderSampleUITests.swift */; };
		5E7C75C623DED10D00853682 /* GalleryViewController.swift in Sources */ = {isa = PBXBuildFile; fileRef = 5E7C75C523DED10D00853682 /* GalleryViewController.swift */; };
		5E7C75C923DED16300853682 /* ImageViewCell.swift in Sources */ = {isa = PBXBuildFile; fileRef = 5E7C75C723DED16300853682 /* ImageViewCell.swift */; };
		5E7C75CA23DED16300853682 /* ImageViewCell.xib in Resources */ = {isa = PBXBuildFile; fileRef = 5E7C75C823DED16300853682 /* ImageViewCell.xib */; };
		5E7C75D123DED60600853682 /* GalleryViewProtocol.swift in Sources */ = {isa = PBXBuildFile; fileRef = 5E7C75D023DED60600853682 /* GalleryViewProtocol.swift */; };
		5E7C75D423DEDE3E00853682 /* GalleryItem.swift in Sources */ = {isa = PBXBuildFile; fileRef = 5E7C75D323DEDE3E00853682 /* GalleryItem.swift */; };
		5E7C75D723DEECC100853682 /* GalleryViewPresenter.swift in Sources */ = {isa = PBXBuildFile; fileRef = 5E7C75D623DEECC100853682 /* GalleryViewPresenter.swift */; };
		5E7C75DA23DEEE0200853682 /* GalleryViewInteractor.swift in Sources */ = {isa = PBXBuildFile; fileRef = 5E7C75D923DEEE0200853682 /* GalleryViewInteractor.swift */; };
		5E7C75DD23DEEE4500853682 /* GalleryViewRouter.swift in Sources */ = {isa = PBXBuildFile; fileRef = 5E7C75DC23DEEE4500853682 /* GalleryViewRouter.swift */; };
		5E7C75E023DEEF0200853682 /* ResponderExtension.swift in Sources */ = {isa = PBXBuildFile; fileRef = 5E7C75DF23DEEF0200853682 /* ResponderExtension.swift */; };
		5E7C75E223DEFDDA00853682 /* Requestable.swift in Sources */ = {isa = PBXBuildFile; fileRef = 5E7C75E123DEFDDA00853682 /* Requestable.swift */; };
		5E7C75E423DEFE1C00853682 /* ServiceManager.swift in Sources */ = {isa = PBXBuildFile; fileRef = 5E7C75E323DEFE1C00853682 /* ServiceManager.swift */; };
		5E7C75E723DEFFDA00853682 /* Configuration.swift in Sources */ = {isa = PBXBuildFile; fileRef = 5E7C75E623DEFFDA00853682 /* Configuration.swift */; };
		5E7C75EB23E16EEC00853682 /* ImagePickerManager.swift in Sources */ = {isa = PBXBuildFile; fileRef = 5E7C75EA23E16EEC00853682 /* ImagePickerManager.swift */; };
		5E7C75ED23E16F1400853682 /* ViewControllerExtension.swift in Sources */ = {isa = PBXBuildFile; fileRef = 5E7C75EC23E16F1400853682 /* ViewControllerExtension.swift */; };
		5E7C75EF23E1CB5500853682 /* ImageExtension.swift in Sources */ = {isa = PBXBuildFile; fileRef = 5E7C75EE23E1CB5500853682 /* ImageExtension.swift */; };
		5E7C75F123E1CC8100853682 /* ImageHandlerViewController.swift in Sources */ = {isa = PBXBuildFile; fileRef = 5E7C75F023E1CC8100853682 /* ImageHandlerViewController.swift */; };
		A6780CEC899527E81E94CA64 /* Pods_ImageUploaderSample_ImageUploaderSampleUITests.framework in Frameworks */ = {isa = PBXBuildFile; fileRef = 1C2FE04962BAA97CBFAAE778 /* Pods_ImageUploaderSample_ImageUploaderSampleUITests.framework */; };
/* End PBXBuildFile section */

/* Begin PBXContainerItemProxy section */
		5E7C75A923DECEC000853682 /* PBXContainerItemProxy */ = {
			isa = PBXContainerItemProxy;
			containerPortal = 5E7C758A23DECEBE00853682 /* Project object */;
			proxyType = 1;
			remoteGlobalIDString = 5E7C759123DECEBE00853682;
			remoteInfo = ImageUploaderSample;
		};
		5E7C75B423DECEC100853682 /* PBXContainerItemProxy */ = {
			isa = PBXContainerItemProxy;
			containerPortal = 5E7C758A23DECEBE00853682 /* Project object */;
			proxyType = 1;
			remoteGlobalIDString = 5E7C759123DECEBE00853682;
			remoteInfo = ImageUploaderSample;
		};
/* End PBXContainerItemProxy section */

/* Begin PBXFileReference section */
		136A9EC923E8A42200B43F93 /* GalleryDetailPresenterTests.swift */ = {isa = PBXFileReference; lastKnownFileType = sourcecode.swift; path = GalleryDetailPresenterTests.swift; sourceTree = "<group>"; };
		136A9ECB23E8A45300B43F93 /* ImageHandlerViewControllerTests.swift */ = {isa = PBXFileReference; lastKnownFileType = sourcecode.swift; path = ImageHandlerViewControllerTests.swift; sourceTree = "<group>"; };
		136A9ECD23E8A48300B43F93 /* GalleryDetailRouterTests.swift */ = {isa = PBXFileReference; lastKnownFileType = sourcecode.swift; path = GalleryDetailRouterTests.swift; sourceTree = "<group>"; };
		13BECCAD23E8B18B001BD57B /* AlertControllerTests.swift */ = {isa = PBXFileReference; lastKnownFileType = sourcecode.swift; path = AlertControllerTests.swift; sourceTree = "<group>"; };
		13BECCAF23E8B1BA001BD57B /* RequestableTests.swift */ = {isa = PBXFileReference; lastKnownFileType = sourcecode.swift; path = RequestableTests.swift; sourceTree = "<group>"; };
		1C2FE04962BAA97CBFAAE778 /* Pods_ImageUploaderSample_ImageUploaderSampleUITests.framework */ = {isa = PBXFileReference; explicitFileType = wrapper.framework; includeInIndex = 0; path = Pods_ImageUploaderSample_ImageUploaderSampleUITests.framework; sourceTree = BUILT_PRODUCTS_DIR; };
		2BD320F62806FD6DBD3916E9 /* Pods_ImageUploaderSampleTests.framework */ = {isa = PBXFileReference; explicitFileType = wrapper.framework; includeInIndex = 0; path = Pods_ImageUploaderSampleTests.framework; sourceTree = BUILT_PRODUCTS_DIR; };
		32019FF3896D42FE57B1C15C /* Pods-ImageUploaderSample.imageuploadersample.xcconfig */ = {isa = PBXFileReference; includeInIndex = 1; lastKnownFileType = text.xcconfig; name = "Pods-ImageUploaderSample.imageuploadersample.xcconfig"; path = "Target Support Files/Pods-ImageUploaderSample/Pods-ImageUploaderSample.imageuploadersample.xcconfig"; sourceTree = "<group>"; };
		41A16799B5B0E0E31F467115 /* Pods_ImageUploaderSample.framework */ = {isa = PBXFileReference; explicitFileType = wrapper.framework; includeInIndex = 0; path = Pods_ImageUploaderSample.framework; sourceTree = BUILT_PRODUCTS_DIR; };
		44647A02635E0EE7A520F55E /* Pods-ImageUploaderSample-ImageUploaderSampleUITests.debug.xcconfig */ = {isa = PBXFileReference; includeInIndex = 1; lastKnownFileType = text.xcconfig; name = "Pods-ImageUploaderSample-ImageUploaderSampleUITests.debug.xcconfig"; path = "Target Support Files/Pods-ImageUploaderSample-ImageUploaderSampleUITests/Pods-ImageUploaderSample-ImageUploaderSampleUITests.debug.xcconfig"; sourceTree = "<group>"; };
		5E4408B223E41802003BBB91 /* GalleryDetailRouter.swift */ = {isa = PBXFileReference; lastKnownFileType = sourcecode.swift; path = GalleryDetailRouter.swift; sourceTree = "<group>"; };
		5E4408B523E4184D003BBB91 /* GalleryDetailProtocol.swift */ = {isa = PBXFileReference; lastKnownFileType = sourcecode.swift; path = GalleryDetailProtocol.swift; sourceTree = "<group>"; };
		5E4408B723E41B15003BBB91 /* GalleryDetailPresenter.swift */ = {isa = PBXFileReference; lastKnownFileType = sourcecode.swift; path = GalleryDetailPresenter.swift; sourceTree = "<group>"; };
		5E4408B923E55DD8003BBB91 /* ActivityIndicator.swift */ = {isa = PBXFileReference; lastKnownFileType = sourcecode.swift; path = ActivityIndicator.swift; sourceTree = "<group>"; };
		5E4408BB23E55DFB003BBB91 /* AlertController.swift */ = {isa = PBXFileReference; lastKnownFileType = sourcecode.swift; path = AlertController.swift; sourceTree = "<group>"; };
		5E4408C423E72BB6003BBB91 /* ImageUploaderSample.xcconfig */ = {isa = PBXFileReference; lastKnownFileType = text.xcconfig; path = ImageUploaderSample.xcconfig; sourceTree = "<group>"; };
		5E4408DA23E7320E003BBB91 /* GalleryViewRouterTest.swift */ = {isa = PBXFileReference; lastKnownFileType = sourcecode.swift; path = GalleryViewRouterTest.swift; sourceTree = "<group>"; };
		5E4408DD23E7346F003BBB91 /* MockNavigationController.swift */ = {isa = PBXFileReference; lastKnownFileType = sourcecode.swift; path = MockNavigationController.swift; sourceTree = "<group>"; };
		5E4408DF23E734A0003BBB91 /* MockData.swift */ = {isa = PBXFileReference; lastKnownFileType = sourcecode.swift; path = MockData.swift; sourceTree = "<group>"; };
		5E4408E323E7385E003BBB91 /* Resources.json */ = {isa = PBXFileReference; lastKnownFileType = text.json; path = Resources.json; sourceTree = "<group>"; };
		5E4408E523E73AF3003BBB91 /* GalleryViewInteractorTests.swift */ = {isa = PBXFileReference; lastKnownFileType = sourcecode.swift; path = GalleryViewInteractorTests.swift; sourceTree = "<group>"; };
		5E4408E823E75804003BBB91 /* GalleryViewPresenterTests.swift */ = {isa = PBXFileReference; lastKnownFileType = sourcecode.swift; path = GalleryViewPresenterTests.swift; sourceTree = "<group>"; };
		5E4408EA23E76767003BBB91 /* GalleryViewControllerTests.swift */ = {isa = PBXFileReference; lastKnownFileType = sourcecode.swift; path = GalleryViewControllerTests.swift; sourceTree = "<group>"; };
		5E7C759223DECEBE00853682 /* ImageUploaderSample.app */ = {isa = PBXFileReference; explicitFileType = wrapper.application; includeInIndex = 0; path = ImageUploaderSample.app; sourceTree = BUILT_PRODUCTS_DIR; };
		5E7C759523DECEBE00853682 /* AppDelegate.swift */ = {isa = PBXFileReference; lastKnownFileType = sourcecode.swift; path = AppDelegate.swift; sourceTree = "<group>"; };
		5E7C759723DECEBE00853682 /* SceneDelegate.swift */ = {isa = PBXFileReference; lastKnownFileType = sourcecode.swift; path = SceneDelegate.swift; sourceTree = "<group>"; };
		5E7C759C23DECEBE00853682 /* Base */ = {isa = PBXFileReference; lastKnownFileType = file.storyboard; name = Base; path = Base.lproj/Main.storyboard; sourceTree = "<group>"; };
		5E7C759E23DECEC000853682 /* Assets.xcassets */ = {isa = PBXFileReference; lastKnownFileType = folder.assetcatalog; path = Assets.xcassets; sourceTree = "<group>"; };
		5E7C75A123DECEC000853682 /* Base */ = {isa = PBXFileReference; lastKnownFileType = file.storyboard; name = Base; path = Base.lproj/LaunchScreen.storyboard; sourceTree = "<group>"; };
		5E7C75A323DECEC000853682 /* Info.plist */ = {isa = PBXFileReference; lastKnownFileType = text.plist.xml; path = Info.plist; sourceTree = "<group>"; };
		5E7C75A823DECEC000853682 /* ImageUploaderSampleTests.xctest */ = {isa = PBXFileReference; explicitFileType = wrapper.cfbundle; includeInIndex = 0; path = ImageUploaderSampleTests.xctest; sourceTree = BUILT_PRODUCTS_DIR; };
		5E7C75AE23DECEC000853682 /* Info.plist */ = {isa = PBXFileReference; lastKnownFileType = text.plist.xml; path = Info.plist; sourceTree = "<group>"; };
		5E7C75B323DECEC000853682 /* ImageUploaderSampleUITests.xctest */ = {isa = PBXFileReference; explicitFileType = wrapper.cfbundle; includeInIndex = 0; path = ImageUploaderSampleUITests.xctest; sourceTree = BUILT_PRODUCTS_DIR; };
		5E7C75B723DECEC100853682 /* ImageUploaderSampleUITests.swift */ = {isa = PBXFileReference; lastKnownFileType = sourcecode.swift; path = ImageUploaderSampleUITests.swift; sourceTree = "<group>"; };
		5E7C75B923DECEC100853682 /* Info.plist */ = {isa = PBXFileReference; lastKnownFileType = text.plist.xml; path = Info.plist; sourceTree = "<group>"; };
		5E7C75C523DED10D00853682 /* GalleryViewController.swift */ = {isa = PBXFileReference; lastKnownFileType = sourcecode.swift; path = GalleryViewController.swift; sourceTree = "<group>"; };
		5E7C75C723DED16300853682 /* ImageViewCell.swift */ = {isa = PBXFileReference; lastKnownFileType = sourcecode.swift; path = ImageViewCell.swift; sourceTree = "<group>"; };
		5E7C75C823DED16300853682 /* ImageViewCell.xib */ = {isa = PBXFileReference; lastKnownFileType = file.xib; path = ImageViewCell.xib; sourceTree = "<group>"; };
		5E7C75D023DED60600853682 /* GalleryViewProtocol.swift */ = {isa = PBXFileReference; lastKnownFileType = sourcecode.swift; path = GalleryViewProtocol.swift; sourceTree = "<group>"; };
		5E7C75D323DEDE3E00853682 /* GalleryItem.swift */ = {isa = PBXFileReference; lastKnownFileType = sourcecode.swift; path = GalleryItem.swift; sourceTree = "<group>"; };
		5E7C75D623DEECC100853682 /* GalleryViewPresenter.swift */ = {isa = PBXFileReference; lastKnownFileType = sourcecode.swift; path = GalleryViewPresenter.swift; sourceTree = "<group>"; };
		5E7C75D923DEEE0200853682 /* GalleryViewInteractor.swift */ = {isa = PBXFileReference; lastKnownFileType = sourcecode.swift; path = GalleryViewInteractor.swift; sourceTree = "<group>"; };
		5E7C75DC23DEEE4500853682 /* GalleryViewRouter.swift */ = {isa = PBXFileReference; lastKnownFileType = sourcecode.swift; path = GalleryViewRouter.swift; sourceTree = "<group>"; };
		5E7C75DF23DEEF0200853682 /* ResponderExtension.swift */ = {isa = PBXFileReference; lastKnownFileType = sourcecode.swift; path = ResponderExtension.swift; sourceTree = "<group>"; };
		5E7C75E123DEFDDA00853682 /* Requestable.swift */ = {isa = PBXFileReference; lastKnownFileType = sourcecode.swift; path = Requestable.swift; sourceTree = "<group>"; };
		5E7C75E323DEFE1C00853682 /* ServiceManager.swift */ = {isa = PBXFileReference; lastKnownFileType = sourcecode.swift; path = ServiceManager.swift; sourceTree = "<group>"; };
		5E7C75E623DEFFDA00853682 /* Configuration.swift */ = {isa = PBXFileReference; lastKnownFileType = sourcecode.swift; path = Configuration.swift; sourceTree = "<group>"; };
		5E7C75EA23E16EEC00853682 /* ImagePickerManager.swift */ = {isa = PBXFileReference; lastKnownFileType = sourcecode.swift; path = ImagePickerManager.swift; sourceTree = "<group>"; };
		5E7C75EC23E16F1400853682 /* ViewControllerExtension.swift */ = {isa = PBXFileReference; lastKnownFileType = sourcecode.swift; path = ViewControllerExtension.swift; sourceTree = "<group>"; };
		5E7C75EE23E1CB5500853682 /* ImageExtension.swift */ = {isa = PBXFileReference; lastKnownFileType = sourcecode.swift; path = ImageExtension.swift; sourceTree = "<group>"; };
		5E7C75F023E1CC8100853682 /* ImageHandlerViewController.swift */ = {isa = PBXFileReference; lastKnownFileType = sourcecode.swift; path = ImageHandlerViewController.swift; sourceTree = "<group>"; };
		6B587D72657DCFA364FEB792 /* Pods-ImageUploaderSample-ImageUploaderSampleUITests.imageuploadersample.xcconfig */ = {isa = PBXFileReference; includeInIndex = 1; lastKnownFileType = text.xcconfig; name = "Pods-ImageUploaderSample-ImageUploaderSampleUITests.imageuploadersample.xcconfig"; path = "Target Support Files/Pods-ImageUploaderSample-ImageUploaderSampleUITests/Pods-ImageUploaderSample-ImageUploaderSampleUITests.imageuploadersample.xcconfig"; sourceTree = "<group>"; };
		88B4AA64F097B847117D03F2 /* Pods-ImageUploaderSampleTests.imageuploadersample.xcconfig */ = {isa = PBXFileReference; includeInIndex = 1; lastKnownFileType = text.xcconfig; name = "Pods-ImageUploaderSampleTests.imageuploadersample.xcconfig"; path = "Target Support Files/Pods-ImageUploaderSampleTests/Pods-ImageUploaderSampleTests.imageuploadersample.xcconfig"; sourceTree = "<group>"; };
		89495768D18FA322AB02A064 /* Pods-ImageUploaderSampleTests.release.xcconfig */ = {isa = PBXFileReference; includeInIndex = 1; lastKnownFileType = text.xcconfig; name = "Pods-ImageUploaderSampleTests.release.xcconfig"; path = "Target Support Files/Pods-ImageUploaderSampleTests/Pods-ImageUploaderSampleTests.release.xcconfig"; sourceTree = "<group>"; };
		C6AA56E4974F18651690E5B0 /* Pods-ImageUploaderSampleTests.debug.xcconfig */ = {isa = PBXFileReference; includeInIndex = 1; lastKnownFileType = text.xcconfig; name = "Pods-ImageUploaderSampleTests.debug.xcconfig"; path = "Target Support Files/Pods-ImageUploaderSampleTests/Pods-ImageUploaderSampleTests.debug.xcconfig"; sourceTree = "<group>"; };
		F248D3B30F66E4E4E4F79F8B /* Pods-ImageUploaderSample-ImageUploaderSampleUITests.release.xcconfig */ = {isa = PBXFileReference; includeInIndex = 1; lastKnownFileType = text.xcconfig; name = "Pods-ImageUploaderSample-ImageUploaderSampleUITests.release.xcconfig"; path = "Target Support Files/Pods-ImageUploaderSample-ImageUploaderSampleUITests/Pods-ImageUploaderSample-ImageUploaderSampleUITests.release.xcconfig"; sourceTree = "<group>"; };
		F3D7BC861EFF3D410F4C9F02 /* Pods-ImageUploaderSample.release.xcconfig */ = {isa = PBXFileReference; includeInIndex = 1; lastKnownFileType = text.xcconfig; name = "Pods-ImageUploaderSample.release.xcconfig"; path = "Target Support Files/Pods-ImageUploaderSample/Pods-ImageUploaderSample.release.xcconfig"; sourceTree = "<group>"; };
		F9076B484391AB0D2382AA33 /* Pods-ImageUploaderSample.debug.xcconfig */ = {isa = PBXFileReference; includeInIndex = 1; lastKnownFileType = text.xcconfig; name = "Pods-ImageUploaderSample.debug.xcconfig"; path = "Target Support Files/Pods-ImageUploaderSample/Pods-ImageUploaderSample.debug.xcconfig"; sourceTree = "<group>"; };
/* End PBXFileReference section */

/* Begin PBXFrameworksBuildPhase section */
		5E7C758F23DECEBE00853682 /* Frameworks */ = {
			isa = PBXFrameworksBuildPhase;
			buildActionMask = 2147483647;
			files = (
				095B577219A970E805F73068 /* Pods_ImageUploaderSample.framework in Frameworks */,
			);
			runOnlyForDeploymentPostprocessing = 0;
		};
		5E7C75A523DECEC000853682 /* Frameworks */ = {
			isa = PBXFrameworksBuildPhase;
			buildActionMask = 2147483647;
			files = (
				06D261433D659CC4C8C59635 /* Pods_ImageUploaderSampleTests.framework in Frameworks */,
			);
			runOnlyForDeploymentPostprocessing = 0;
		};
		5E7C75B023DECEC000853682 /* Frameworks */ = {
			isa = PBXFrameworksBuildPhase;
			buildActionMask = 2147483647;
			files = (
				A6780CEC899527E81E94CA64 /* Pods_ImageUploaderSample_ImageUploaderSampleUITests.framework in Frameworks */,
			);
			runOnlyForDeploymentPostprocessing = 0;
		};
/* End PBXFrameworksBuildPhase section */

/* Begin PBXGroup section */
		2BE58071E88DD6E1F1D2348D /* Pods */ = {
			isa = PBXGroup;
			children = (
				F9076B484391AB0D2382AA33 /* Pods-ImageUploaderSample.debug.xcconfig */,
				F3D7BC861EFF3D410F4C9F02 /* Pods-ImageUploaderSample.release.xcconfig */,
				44647A02635E0EE7A520F55E /* Pods-ImageUploaderSample-ImageUploaderSampleUITests.debug.xcconfig */,
				F248D3B30F66E4E4E4F79F8B /* Pods-ImageUploaderSample-ImageUploaderSampleUITests.release.xcconfig */,
				C6AA56E4974F18651690E5B0 /* Pods-ImageUploaderSampleTests.debug.xcconfig */,
				89495768D18FA322AB02A064 /* Pods-ImageUploaderSampleTests.release.xcconfig */,
				32019FF3896D42FE57B1C15C /* Pods-ImageUploaderSample.imageuploadersample.xcconfig */,
				6B587D72657DCFA364FEB792 /* Pods-ImageUploaderSample-ImageUploaderSampleUITests.imageuploadersample.xcconfig */,
				88B4AA64F097B847117D03F2 /* Pods-ImageUploaderSampleTests.imageuploadersample.xcconfig */,
			);
			path = Pods;
			sourceTree = "<group>";
		};
		5E4408AD23E41678003BBB91 /* GalleryDetail */ = {
			isa = PBXGroup;
			children = (
				5E4408B423E4182E003BBB91 /* Protocol */,
				5E4408B123E416B5003BBB91 /* View */,
				5E4408B023E416AB003BBB91 /* Presenter */,
				5E4408AF23E416A0003BBB91 /* Interactor */,
				5E4408AE23E41697003BBB91 /* Router */,
			);
			path = GalleryDetail;
			sourceTree = "<group>";
		};
		5E4408AE23E41697003BBB91 /* Router */ = {
			isa = PBXGroup;
			children = (
				5E4408B223E41802003BBB91 /* GalleryDetailRouter.swift */,
			);
			path = Router;
			sourceTree = "<group>";
		};
		5E4408AF23E416A0003BBB91 /* Interactor */ = {
			isa = PBXGroup;
			children = (
			);
			path = Interactor;
			sourceTree = "<group>";
		};
		5E4408B023E416AB003BBB91 /* Presenter */ = {
			isa = PBXGroup;
			children = (
				5E4408B723E41B15003BBB91 /* GalleryDetailPresenter.swift */,
			);
			path = Presenter;
			sourceTree = "<group>";
		};
		5E4408B123E416B5003BBB91 /* View */ = {
			isa = PBXGroup;
			children = (
				5E7C75F023E1CC8100853682 /* ImageHandlerViewController.swift */,
			);
			path = View;
			sourceTree = "<group>";
		};
		5E4408B423E4182E003BBB91 /* Protocol */ = {
			isa = PBXGroup;
			children = (
				5E4408B523E4184D003BBB91 /* GalleryDetailProtocol.swift */,
			);
			path = Protocol;
			sourceTree = "<group>";
		};
		5E4408C923E73099003BBB91 /* Modules */ = {
			isa = PBXGroup;
			children = (
				5E4408CA23E730C2003BBB91 /* Gallery */,
				5E4408D223E7315A003BBB91 /* GalleryDetails */,
			);
			path = Modules;
			sourceTree = "<group>";
		};
		5E4408CA23E730C2003BBB91 /* Gallery */ = {
			isa = PBXGroup;
			children = (
				5E4408CB23E730CB003BBB91 /* Router */,
				5E4408CC23E730D6003BBB91 /* Interactor */,
				5E4408D023E730FD003BBB91 /* Presenter */,
				5E4408CD23E730E2003BBB91 /* View */,
			);
			path = Gallery;
			sourceTree = "<group>";
		};
		5E4408CB23E730CB003BBB91 /* Router */ = {
			isa = PBXGroup;
			children = (
				5E4408DA23E7320E003BBB91 /* GalleryViewRouterTest.swift */,
			);
			path = Router;
			sourceTree = "<group>";
		};
		5E4408CC23E730D6003BBB91 /* Interactor */ = {
			isa = PBXGroup;
			children = (
				5E4408E523E73AF3003BBB91 /* GalleryViewInteractorTests.swift */,
			);
			path = Interactor;
			sourceTree = "<group>";
		};
		5E4408CD23E730E2003BBB91 /* View */ = {
			isa = PBXGroup;
			children = (
				5E4408EA23E76767003BBB91 /* GalleryViewControllerTests.swift */,
			);
			path = View;
			sourceTree = "<group>";
		};
		5E4408D023E730FD003BBB91 /* Presenter */ = {
			isa = PBXGroup;
			children = (
				5E4408E823E75804003BBB91 /* GalleryViewPresenterTests.swift */,
			);
			path = Presenter;
			sourceTree = "<group>";
		};
		5E4408D223E7315A003BBB91 /* GalleryDetails */ = {
			isa = PBXGroup;
			children = (
				5E4408D323E7315A003BBB91 /* Entity */,
				5E4408D523E7315A003BBB91 /* Presenter */,
				5E4408D623E7315A003BBB91 /* View */,
				5E4408D723E7315A003BBB91 /* Interactor */,
				5E4408D823E7315A003BBB91 /* Router */,
			);
			path = GalleryDetails;
			sourceTree = "<group>";
		};
		5E4408D323E7315A003BBB91 /* Entity */ = {
			isa = PBXGroup;
			children = (
			);
			path = Entity;
			sourceTree = "<group>";
		};
		5E4408D523E7315A003BBB91 /* Presenter */ = {
			isa = PBXGroup;
			children = (
				136A9EC923E8A42200B43F93 /* GalleryDetailPresenterTests.swift */,
			);
			path = Presenter;
			sourceTree = "<group>";
		};
		5E4408D623E7315A003BBB91 /* View */ = {
			isa = PBXGroup;
			children = (
				136A9ECB23E8A45300B43F93 /* ImageHandlerViewControllerTests.swift */,
			);
			path = View;
			sourceTree = "<group>";
		};
		5E4408D723E7315A003BBB91 /* Interactor */ = {
			isa = PBXGroup;
			children = (
			);
			path = Interactor;
			sourceTree = "<group>";
		};
		5E4408D823E7315A003BBB91 /* Router */ = {
			isa = PBXGroup;
			children = (
				136A9ECD23E8A48300B43F93 /* GalleryDetailRouterTests.swift */,
			);
			path = Router;
			sourceTree = "<group>";
		};
		5E4408D923E73174003BBB91 /* Resources */ = {
			isa = PBXGroup;
			children = (
				5E7C759523DECEBE00853682 /* AppDelegate.swift */,
				5E7C759723DECEBE00853682 /* SceneDelegate.swift */,
				5E7C759B23DECEBE00853682 /* Main.storyboard */,
				5E7C759E23DECEC000853682 /* Assets.xcassets */,
				5E7C75A023DECEC000853682 /* LaunchScreen.storyboard */,
				5E4408C423E72BB6003BBB91 /* ImageUploaderSample.xcconfig */,
			);
			path = Resources;
			sourceTree = "<group>";
		};
		5E4408DC23E73460003BBB91 /* Helpers */ = {
			isa = PBXGroup;
			children = (
				5E4408DD23E7346F003BBB91 /* MockNavigationController.swift */,
				5E4408DF23E734A0003BBB91 /* MockData.swift */,
				5E4408E323E7385E003BBB91 /* Resources.json */,
				13BECCAD23E8B18B001BD57B /* AlertControllerTests.swift */,
				13BECCAF23E8B1BA001BD57B /* RequestableTests.swift */,
			);
			path = Helpers;
			sourceTree = "<group>";
		};
		5E7C758923DECEBE00853682 = {
			isa = PBXGroup;
			children = (
				5E7C759423DECEBE00853682 /* ImageUploaderSample */,
				5E7C75AB23DECEC000853682 /* ImageUploaderSampleTests */,
				5E7C75B623DECEC100853682 /* ImageUploaderSampleUITests */,
				5E7C759323DECEBE00853682 /* Products */,
				2BE58071E88DD6E1F1D2348D /* Pods */,
				EC7D0E3C2D729D44F26F3E1D /* Frameworks */,
			);
			sourceTree = "<group>";
		};
		5E7C759323DECEBE00853682 /* Products */ = {
			isa = PBXGroup;
			children = (
				5E7C759223DECEBE00853682 /* ImageUploaderSample.app */,
				5E7C75A823DECEC000853682 /* ImageUploaderSampleTests.xctest */,
				5E7C75B323DECEC000853682 /* ImageUploaderSampleUITests.xctest */,
			);
			name = Products;
			sourceTree = "<group>";
		};
		5E7C759423DECEBE00853682 /* ImageUploaderSample */ = {
			isa = PBXGroup;
			children = (
				5E7C75A323DECEC000853682 /* Info.plist */,
				5E7C75E523DEFFCA00853682 /* Configuration */,
				5E7C75DE23DEEEF000853682 /* Helper */,
				5E7C75CE23DED5B400853682 /* Managers */,
				5E7C75CB23DED29300853682 /* Modules */,
				5E4408D923E73174003BBB91 /* Resources */,
			);
			path = ImageUploaderSample;
			sourceTree = "<group>";
		};
		5E7C75AB23DECEC000853682 /* ImageUploaderSampleTests */ = {
			isa = PBXGroup;
			children = (
				5E4408DC23E73460003BBB91 /* Helpers */,
				5E4408C923E73099003BBB91 /* Modules */,
				5E7C75AE23DECEC000853682 /* Info.plist */,
			);
			path = ImageUploaderSampleTests;
			sourceTree = "<group>";
		};
		5E7C75B623DECEC100853682 /* ImageUploaderSampleUITests */ = {
			isa = PBXGroup;
			children = (
				5E7C75B723DECEC100853682 /* ImageUploaderSampleUITests.swift */,
				5E7C75B923DECEC100853682 /* Info.plist */,
			);
			path = ImageUploaderSampleUITests;
			sourceTree = "<group>";
		};
		5E7C75CB23DED29300853682 /* Modules */ = {
			isa = PBXGroup;
			children = (
				5E7C75CC23DED29D00853682 /* Gallery */,
				5E4408AD23E41678003BBB91 /* GalleryDetail */,
			);
			path = Modules;
			sourceTree = "<group>";
		};
		5E7C75CC23DED29D00853682 /* Gallery */ = {
			isa = PBXGroup;
			children = (
				5E7C75DB23DEEE3500853682 /* Router */,
				5E7C75D823DEEDEB00853682 /* Interactor */,
				5E7C75D523DEEC9F00853682 /* Presenter */,
				5E7C75D223DED6D100853682 /* Entity */,
				5E7C75CF23DED5D300853682 /* Protocol */,
				5E7C75CD23DED2A800853682 /* View */,
			);
			path = Gallery;
			sourceTree = "<group>";
		};
		5E7C75CD23DED2A800853682 /* View */ = {
			isa = PBXGroup;
			children = (
				5E7C75C523DED10D00853682 /* GalleryViewController.swift */,
				5E7C75C723DED16300853682 /* ImageViewCell.swift */,
				5E7C75C823DED16300853682 /* ImageViewCell.xib */,
			);
			path = View;
			sourceTree = "<group>";
		};
		5E7C75CE23DED5B400853682 /* Managers */ = {
			isa = PBXGroup;
			children = (
				5E7C75E123DEFDDA00853682 /* Requestable.swift */,
				5E7C75E323DEFE1C00853682 /* ServiceManager.swift */,
				5E7C75EA23E16EEC00853682 /* ImagePickerManager.swift */,
			);
			path = Managers;
			sourceTree = "<group>";
		};
		5E7C75CF23DED5D300853682 /* Protocol */ = {
			isa = PBXGroup;
			children = (
				5E7C75D023DED60600853682 /* GalleryViewProtocol.swift */,
			);
			path = Protocol;
			sourceTree = "<group>";
		};
		5E7C75D223DED6D100853682 /* Entity */ = {
			isa = PBXGroup;
			children = (
				5E7C75D323DEDE3E00853682 /* GalleryItem.swift */,
			);
			path = Entity;
			sourceTree = "<group>";
		};
		5E7C75D523DEEC9F00853682 /* Presenter */ = {
			isa = PBXGroup;
			children = (
				5E7C75D623DEECC100853682 /* GalleryViewPresenter.swift */,
			);
			path = Presenter;
			sourceTree = "<group>";
		};
		5E7C75D823DEEDEB00853682 /* Interactor */ = {
			isa = PBXGroup;
			children = (
				5E7C75D923DEEE0200853682 /* GalleryViewInteractor.swift */,
			);
			path = Interactor;
			sourceTree = "<group>";
		};
		5E7C75DB23DEEE3500853682 /* Router */ = {
			isa = PBXGroup;
			children = (
				5E7C75DC23DEEE4500853682 /* GalleryViewRouter.swift */,
			);
			path = Router;
			sourceTree = "<group>";
		};
		5E7C75DE23DEEEF000853682 /* Helper */ = {
			isa = PBXGroup;
			children = (
				5E7C75DF23DEEF0200853682 /* ResponderExtension.swift */,
				5E7C75EC23E16F1400853682 /* ViewControllerExtension.swift */,
				5E7C75EE23E1CB5500853682 /* ImageExtension.swift */,
				5E4408B923E55DD8003BBB91 /* ActivityIndicator.swift */,
				5E4408BB23E55DFB003BBB91 /* AlertController.swift */,
			);
			path = Helper;
			sourceTree = "<group>";
		};
		5E7C75E523DEFFCA00853682 /* Configuration */ = {
			isa = PBXGroup;
			children = (
				5E7C75E623DEFFDA00853682 /* Configuration.swift */,
			);
			path = Configuration;
			sourceTree = "<group>";
		};
		EC7D0E3C2D729D44F26F3E1D /* Frameworks */ = {
			isa = PBXGroup;
			children = (
				41A16799B5B0E0E31F467115 /* Pods_ImageUploaderSample.framework */,
				1C2FE04962BAA97CBFAAE778 /* Pods_ImageUploaderSample_ImageUploaderSampleUITests.framework */,
				2BD320F62806FD6DBD3916E9 /* Pods_ImageUploaderSampleTests.framework */,
			);
			name = Frameworks;
			sourceTree = "<group>";
		};
/* End PBXGroup section */

/* Begin PBXNativeTarget section */
		5E7C759123DECEBE00853682 /* ImageUploaderSample */ = {
			isa = PBXNativeTarget;
			buildConfigurationList = 5E7C75BC23DECEC100853682 /* Build configuration list for PBXNativeTarget "ImageUploaderSample" */;
			buildPhases = (
				5853ACBB9B89D802A9EE26E0 /* [CP] Check Pods Manifest.lock */,
				5E7C758E23DECEBE00853682 /* Sources */,
				5E7C758F23DECEBE00853682 /* Frameworks */,
				5E7C759023DECEBE00853682 /* Resources */,
				365EAED18098F2E9B0D1E2AB /* [CP] Embed Pods Frameworks */,
			);
			buildRules = (
			);
			dependencies = (
			);
			name = ImageUploaderSample;
			productName = ImageUploaderSample;
			productReference = 5E7C759223DECEBE00853682 /* ImageUploaderSample.app */;
			productType = "com.apple.product-type.application";
		};
		5E7C75A723DECEC000853682 /* ImageUploaderSampleTests */ = {
			isa = PBXNativeTarget;
			buildConfigurationList = 5E7C75BF23DECEC100853682 /* Build configuration list for PBXNativeTarget "ImageUploaderSampleTests" */;
			buildPhases = (
				255C8325F87C0CADECFAA995 /* [CP] Check Pods Manifest.lock */,
				5E7C75A423DECEC000853682 /* Sources */,
				5E7C75A523DECEC000853682 /* Frameworks */,
				5E7C75A623DECEC000853682 /* Resources */,
				934A336312471A5D8E75CB6A /* [CP] Embed Pods Frameworks */,
			);
			buildRules = (
			);
			dependencies = (
				5E7C75AA23DECEC000853682 /* PBXTargetDependency */,
			);
			name = ImageUploaderSampleTests;
			productName = ImageUploaderSampleTests;
			productReference = 5E7C75A823DECEC000853682 /* ImageUploaderSampleTests.xctest */;
			productType = "com.apple.product-type.bundle.unit-test";
		};
		5E7C75B223DECEC000853682 /* ImageUploaderSampleUITests */ = {
			isa = PBXNativeTarget;
			buildConfigurationList = 5E7C75C223DECEC100853682 /* Build configuration list for PBXNativeTarget "ImageUploaderSampleUITests" */;
			buildPhases = (
				79B92E1613595D7AC5475BF7 /* [CP] Check Pods Manifest.lock */,
				5E7C75AF23DECEC000853682 /* Sources */,
				5E7C75B023DECEC000853682 /* Frameworks */,
				5E7C75B123DECEC000853682 /* Resources */,
				33ACDED8C9801606757D2ADF /* [CP] Embed Pods Frameworks */,
			);
			buildRules = (
			);
			dependencies = (
				5E7C75B523DECEC100853682 /* PBXTargetDependency */,
			);
			name = ImageUploaderSampleUITests;
			productName = ImageUploaderSampleUITests;
			productReference = 5E7C75B323DECEC000853682 /* ImageUploaderSampleUITests.xctest */;
			productType = "com.apple.product-type.bundle.ui-testing";
		};
/* End PBXNativeTarget section */

/* Begin PBXProject section */
		5E7C758A23DECEBE00853682 /* Project object */ = {
			isa = PBXProject;
			attributes = {
				LastSwiftUpdateCheck = 1130;
				LastUpgradeCheck = 1130;
				ORGANIZATIONNAME = ImageUploaderSample;
				TargetAttributes = {
					5E7C759123DECEBE00853682 = {
						CreatedOnToolsVersion = 11.3.1;
					};
					5E7C75A723DECEC000853682 = {
						CreatedOnToolsVersion = 11.3.1;
						LastSwiftMigration = 1130;
						TestTargetID = 5E7C759123DECEBE00853682;
					};
					5E7C75B223DECEC000853682 = {
						CreatedOnToolsVersion = 11.3.1;
						TestTargetID = 5E7C759123DECEBE00853682;
					};
				};
			};
			buildConfigurationList = 5E7C758D23DECEBE00853682 /* Build configuration list for PBXProject "ImageUploaderSample" */;
			compatibilityVersion = "Xcode 9.3";
			developmentRegion = en;
			hasScannedForEncodings = 0;
			knownRegions = (
				en,
				Base,
			);
			mainGroup = 5E7C758923DECEBE00853682;
			productRefGroup = 5E7C759323DECEBE00853682 /* Products */;
			projectDirPath = "";
			projectRoot = "";
			targets = (
				5E7C759123DECEBE00853682 /* ImageUploaderSample */,
				5E7C75A723DECEC000853682 /* ImageUploaderSampleTests */,
				5E7C75B223DECEC000853682 /* ImageUploaderSampleUITests */,
			);
		};
/* End PBXProject section */

/* Begin PBXResourcesBuildPhase section */
		5E7C759023DECEBE00853682 /* Resources */ = {
			isa = PBXResourcesBuildPhase;
			buildActionMask = 2147483647;
			files = (
				5E7C75CA23DED16300853682 /* ImageViewCell.xib in Resources */,
				5E7C75A223DECEC000853682 /* LaunchScreen.storyboard in Resources */,
				5E7C759F23DECEC000853682 /* Assets.xcassets in Resources */,
				5E4408E723E75003003BBB91 /* Resources.json in Resources */,
				5E7C759D23DECEBE00853682 /* Main.storyboard in Resources */,
			);
			runOnlyForDeploymentPostprocessing = 0;
		};
		5E7C75A623DECEC000853682 /* Resources */ = {
			isa = PBXResourcesBuildPhase;
			buildActionMask = 2147483647;
			files = (
				5E4408E423E7385E003BBB91 /* Resources.json in Resources */,
			);
			runOnlyForDeploymentPostprocessing = 0;
		};
		5E7C75B123DECEC000853682 /* Resources */ = {
			isa = PBXResourcesBuildPhase;
			buildActionMask = 2147483647;
			files = (
			);
			runOnlyForDeploymentPostprocessing = 0;
		};
/* End PBXResourcesBuildPhase section */

/* Begin PBXShellScriptBuildPhase section */
		255C8325F87C0CADECFAA995 /* [CP] Check Pods Manifest.lock */ = {
			isa = PBXShellScriptBuildPhase;
			buildActionMask = 2147483647;
			files = (
			);
			inputPaths = (
				"${PODS_PODFILE_DIR_PATH}/Podfile.lock",
				"${PODS_ROOT}/Manifest.lock",
			);
			name = "[CP] Check Pods Manifest.lock";
			outputPaths = (
				"$(DERIVED_FILE_DIR)/Pods-ImageUploaderSampleTests-checkManifestLockResult.txt",
			);
			runOnlyForDeploymentPostprocessing = 0;
			shellPath = /bin/sh;
			shellScript = "diff \"${PODS_PODFILE_DIR_PATH}/Podfile.lock\" \"${PODS_ROOT}/Manifest.lock\" > /dev/null\nif [ $? != 0 ] ; then\n    # print error to STDERR\n    echo \"error: The sandbox is not in sync with the Podfile.lock. Run 'pod install' or update your CocoaPods installation.\" >&2\n    exit 1\nfi\n# This output is used by Xcode 'outputs' to avoid re-running this script phase.\necho \"SUCCESS\" > \"${SCRIPT_OUTPUT_FILE_0}\"\n";
			showEnvVarsInLog = 0;
		};
		33ACDED8C9801606757D2ADF /* [CP] Embed Pods Frameworks */ = {
			isa = PBXShellScriptBuildPhase;
			buildActionMask = 2147483647;
			files = (
			);
			inputPaths = (
				"${PODS_ROOT}/Target Support Files/Pods-ImageUploaderSample-ImageUploaderSampleUITests/Pods-ImageUploaderSample-ImageUploaderSampleUITests-frameworks.sh",
				"${BUILT_PRODUCTS_DIR}/SDWebImage/SDWebImage.framework",
			);
			name = "[CP] Embed Pods Frameworks";
			outputPaths = (
				"${TARGET_BUILD_DIR}/${FRAMEWORKS_FOLDER_PATH}/SDWebImage.framework",
			);
			runOnlyForDeploymentPostprocessing = 0;
			shellPath = /bin/sh;
			shellScript = "\"${PODS_ROOT}/Target Support Files/Pods-ImageUploaderSample-ImageUploaderSampleUITests/Pods-ImageUploaderSample-ImageUploaderSampleUITests-frameworks.sh\"\n";
			showEnvVarsInLog = 0;
		};
		365EAED18098F2E9B0D1E2AB /* [CP] Embed Pods Frameworks */ = {
			isa = PBXShellScriptBuildPhase;
			buildActionMask = 2147483647;
			files = (
			);
			inputPaths = (
				"${PODS_ROOT}/Target Support Files/Pods-ImageUploaderSample/Pods-ImageUploaderSample-frameworks.sh",
				"${BUILT_PRODUCTS_DIR}/SDWebImage/SDWebImage.framework",
			);
			name = "[CP] Embed Pods Frameworks";
			outputPaths = (
				"${TARGET_BUILD_DIR}/${FRAMEWORKS_FOLDER_PATH}/SDWebImage.framework",
			);
			runOnlyForDeploymentPostprocessing = 0;
			shellPath = /bin/sh;
			shellScript = "\"${PODS_ROOT}/Target Support Files/Pods-ImageUploaderSample/Pods-ImageUploaderSample-frameworks.sh\"\n";
			showEnvVarsInLog = 0;
		};
		5853ACBB9B89D802A9EE26E0 /* [CP] Check Pods Manifest.lock */ = {
			isa = PBXShellScriptBuildPhase;
			buildActionMask = 2147483647;
			files = (
			);
			inputPaths = (
				"${PODS_PODFILE_DIR_PATH}/Podfile.lock",
				"${PODS_ROOT}/Manifest.lock",
			);
			name = "[CP] Check Pods Manifest.lock";
			outputPaths = (
				"$(DERIVED_FILE_DIR)/Pods-ImageUploaderSample-checkManifestLockResult.txt",
			);
			runOnlyForDeploymentPostprocessing = 0;
			shellPath = /bin/sh;
			shellScript = "diff \"${PODS_PODFILE_DIR_PATH}/Podfile.lock\" \"${PODS_ROOT}/Manifest.lock\" > /dev/null\nif [ $? != 0 ] ; then\n    # print error to STDERR\n    echo \"error: The sandbox is not in sync with the Podfile.lock. Run 'pod install' or update your CocoaPods installation.\" >&2\n    exit 1\nfi\n# This output is used by Xcode 'outputs' to avoid re-running this script phase.\necho \"SUCCESS\" > \"${SCRIPT_OUTPUT_FILE_0}\"\n";
			showEnvVarsInLog = 0;
		};
		79B92E1613595D7AC5475BF7 /* [CP] Check Pods Manifest.lock */ = {
			isa = PBXShellScriptBuildPhase;
			buildActionMask = 2147483647;
			files = (
			);
			inputPaths = (
				"${PODS_PODFILE_DIR_PATH}/Podfile.lock",
				"${PODS_ROOT}/Manifest.lock",
			);
			name = "[CP] Check Pods Manifest.lock";
			outputPaths = (
				"$(DERIVED_FILE_DIR)/Pods-ImageUploaderSample-ImageUploaderSampleUITests-checkManifestLockResult.txt",
			);
			runOnlyForDeploymentPostprocessing = 0;
			shellPath = /bin/sh;
			shellScript = "diff \"${PODS_PODFILE_DIR_PATH}/Podfile.lock\" \"${PODS_ROOT}/Manifest.lock\" > /dev/null\nif [ $? != 0 ] ; then\n    # print error to STDERR\n    echo \"error: The sandbox is not in sync with the Podfile.lock. Run 'pod install' or update your CocoaPods installation.\" >&2\n    exit 1\nfi\n# This output is used by Xcode 'outputs' to avoid re-running this script phase.\necho \"SUCCESS\" > \"${SCRIPT_OUTPUT_FILE_0}\"\n";
			showEnvVarsInLog = 0;
		};
		934A336312471A5D8E75CB6A /* [CP] Embed Pods Frameworks */ = {
			isa = PBXShellScriptBuildPhase;
			buildActionMask = 2147483647;
			files = (
			);
			inputPaths = (
				"${PODS_ROOT}/Target Support Files/Pods-ImageUploaderSampleTests/Pods-ImageUploaderSampleTests-frameworks.sh",
				"${BUILT_PRODUCTS_DIR}/Nimble/Nimble.framework",
				"${BUILT_PRODUCTS_DIR}/Quick/Quick.framework",
			);
			name = "[CP] Embed Pods Frameworks";
			outputPaths = (
				"${TARGET_BUILD_DIR}/${FRAMEWORKS_FOLDER_PATH}/Nimble.framework",
				"${TARGET_BUILD_DIR}/${FRAMEWORKS_FOLDER_PATH}/Quick.framework",
			);
			runOnlyForDeploymentPostprocessing = 0;
			shellPath = /bin/sh;
			shellScript = "\"${PODS_ROOT}/Target Support Files/Pods-ImageUploaderSampleTests/Pods-ImageUploaderSampleTests-frameworks.sh\"\n";
			showEnvVarsInLog = 0;
		};
/* End PBXShellScriptBuildPhase section */

/* Begin PBXSourcesBuildPhase section */
		5E7C758E23DECEBE00853682 /* Sources */ = {
			isa = PBXSourcesBuildPhase;
			buildActionMask = 2147483647;
			files = (
				5E7C75C623DED10D00853682 /* GalleryViewController.swift in Sources */,
				5E7C759623DECEBE00853682 /* AppDelegate.swift in Sources */,
				5E7C75D123DED60600853682 /* GalleryViewProtocol.swift in Sources */,
				5E7C75D723DEECC100853682 /* GalleryViewPresenter.swift in Sources */,
				5E7C75ED23E16F1400853682 /* ViewControllerExtension.swift in Sources */,
				5E7C75E023DEEF0200853682 /* ResponderExtension.swift in Sources */,
				5E7C75DA23DEEE0200853682 /* GalleryViewInteractor.swift in Sources */,
				5E4408B623E4184D003BBB91 /* GalleryDetailProtocol.swift in Sources */,
				5E7C75C923DED16300853682 /* ImageViewCell.swift in Sources */,
				5E7C75E723DEFFDA00853682 /* Configuration.swift in Sources */,
				5E7C75EF23E1CB5500853682 /* ImageExtension.swift in Sources */,
				5E4408BC23E55DFB003BBB91 /* AlertController.swift in Sources */,
				5E4408B823E41B15003BBB91 /* GalleryDetailPresenter.swift in Sources */,
				5E7C75DD23DEEE4500853682 /* GalleryViewRouter.swift in Sources */,
				5E4408B323E41802003BBB91 /* GalleryDetailRouter.swift in Sources */,
				5E7C75D423DEDE3E00853682 /* GalleryItem.swift in Sources */,
				5E4408BA23E55DD9003BBB91 /* ActivityIndicator.swift in Sources */,
				5E7C75EB23E16EEC00853682 /* ImagePickerManager.swift in Sources */,
				5E7C75F123E1CC8100853682 /* ImageHandlerViewController.swift in Sources */,
				5E7C75E223DEFDDA00853682 /* Requestable.swift in Sources */,
				5E7C759823DECEBE00853682 /* SceneDelegate.swift in Sources */,
				5E7C75E423DEFE1C00853682 /* ServiceManager.swift in Sources */,
			);
			runOnlyForDeploymentPostprocessing = 0;
		};
		5E7C75A423DECEC000853682 /* Sources */ = {
			isa = PBXSourcesBuildPhase;
			buildActionMask = 2147483647;
			files = (
				5E4408E623E73AF3003BBB91 /* GalleryViewInteractorTests.swift in Sources */,
				5E4408E923E75804003BBB91 /* GalleryViewPresenterTests.swift in Sources */,
				5E4408EB23E76767003BBB91 /* GalleryViewControllerTests.swift in Sources */,
				136A9ECE23E8A48300B43F93 /* GalleryDetailRouterTests.swift in Sources */,
				13BECCAE23E8B18B001BD57B /* AlertControllerTests.swift in Sources */,
				13BECCB023E8B1BA001BD57B /* RequestableTests.swift in Sources */,
				136A9ECC23E8A45300B43F93 /* ImageHandlerViewControllerTests.swift in Sources */,
				5E4408DB23E7320E003BBB91 /* GalleryViewRouterTest.swift in Sources */,
				5E4408E023E734A0003BBB91 /* MockData.swift in Sources */,
				5E4408DE23E7346F003BBB91 /* MockNavigationController.swift in Sources */,
				136A9ECA23E8A42200B43F93 /* GalleryDetailPresenterTests.swift in Sources */,
			);
			runOnlyForDeploymentPostprocessing = 0;
		};
		5E7C75AF23DECEC000853682 /* Sources */ = {
			isa = PBXSourcesBuildPhase;
			buildActionMask = 2147483647;
			files = (
				5E7C75B823DECEC100853682 /* ImageUploaderSampleUITests.swift in Sources */,
			);
			runOnlyForDeploymentPostprocessing = 0;
		};
/* End PBXSourcesBuildPhase section */

/* Begin PBXTargetDependency section */
		5E7C75AA23DECEC000853682 /* PBXTargetDependency */ = {
			isa = PBXTargetDependency;
			target = 5E7C759123DECEBE00853682 /* ImageUploaderSample */;
			targetProxy = 5E7C75A923DECEC000853682 /* PBXContainerItemProxy */;
		};
		5E7C75B523DECEC100853682 /* PBXTargetDependency */ = {
			isa = PBXTargetDependency;
			target = 5E7C759123DECEBE00853682 /* ImageUploaderSample */;
			targetProxy = 5E7C75B423DECEC100853682 /* PBXContainerItemProxy */;
		};
/* End PBXTargetDependency section */

/* Begin PBXVariantGroup section */
		5E7C759B23DECEBE00853682 /* Main.storyboard */ = {
			isa = PBXVariantGroup;
			children = (
				5E7C759C23DECEBE00853682 /* Base */,
			);
			name = Main.storyboard;
			sourceTree = "<group>";
		};
		5E7C75A023DECEC000853682 /* LaunchScreen.storyboard */ = {
			isa = PBXVariantGroup;
			children = (
				5E7C75A123DECEC000853682 /* Base */,
			);
			name = LaunchScreen.storyboard;
			sourceTree = "<group>";
		};
/* End PBXVariantGroup section */

/* Begin XCBuildConfiguration section */
		5E4408C523E72DEB003BBB91 /* ImageUploaderSample */ = {
			isa = XCBuildConfiguration;
			baseConfigurationReference = 5E4408C423E72BB6003BBB91 /* ImageUploaderSample.xcconfig */;
			buildSettings = {
				ALWAYS_SEARCH_USER_PATHS = NO;
				CLANG_ANALYZER_NONNULL = YES;
				CLANG_ANALYZER_NUMBER_OBJECT_CONVERSION = YES_AGGRESSIVE;
				CLANG_CXX_LANGUAGE_STANDARD = "gnu++14";
				CLANG_CXX_LIBRARY = "libc++";
				CLANG_ENABLE_MODULES = YES;
				CLANG_ENABLE_OBJC_ARC = YES;
				CLANG_ENABLE_OBJC_WEAK = YES;
				CLANG_WARN_BLOCK_CAPTURE_AUTORELEASING = YES;
				CLANG_WARN_BOOL_CONVERSION = YES;
				CLANG_WARN_COMMA = YES;
				CLANG_WARN_CONSTANT_CONVERSION = YES;
				CLANG_WARN_DEPRECATED_OBJC_IMPLEMENTATIONS = YES;
				CLANG_WARN_DIRECT_OBJC_ISA_USAGE = YES_ERROR;
				CLANG_WARN_DOCUMENTATION_COMMENTS = YES;
				CLANG_WARN_EMPTY_BODY = YES;
				CLANG_WARN_ENUM_CONVERSION = YES;
				CLANG_WARN_INFINITE_RECURSION = YES;
				CLANG_WARN_INT_CONVERSION = YES;
				CLANG_WARN_NON_LITERAL_NULL_CONVERSION = YES;
				CLANG_WARN_OBJC_IMPLICIT_RETAIN_SELF = YES;
				CLANG_WARN_OBJC_LITERAL_CONVERSION = YES;
				CLANG_WARN_OBJC_ROOT_CLASS = YES_ERROR;
				CLANG_WARN_RANGE_LOOP_ANALYSIS = YES;
				CLANG_WARN_STRICT_PROTOTYPES = YES;
				CLANG_WARN_SUSPICIOUS_MOVE = YES;
				CLANG_WARN_UNGUARDED_AVAILABILITY = YES_AGGRESSIVE;
				CLANG_WARN_UNREACHABLE_CODE = YES;
				CLANG_WARN__DUPLICATE_METHOD_MATCH = YES;
				COPY_PHASE_STRIP = NO;
				DEBUG_INFORMATION_FORMAT = dwarf;
				ENABLE_STRICT_OBJC_MSGSEND = YES;
				ENABLE_TESTABILITY = YES;
				GCC_C_LANGUAGE_STANDARD = gnu11;
				GCC_DYNAMIC_NO_PIC = NO;
				GCC_NO_COMMON_BLOCKS = YES;
				GCC_OPTIMIZATION_LEVEL = 0;
				GCC_PREPROCESSOR_DEFINITIONS = (
					"DEBUG=1",
					"$(inherited)",
				);
				GCC_WARN_64_TO_32_BIT_CONVERSION = YES;
				GCC_WARN_ABOUT_RETURN_TYPE = YES_ERROR;
				GCC_WARN_UNDECLARED_SELECTOR = YES;
				GCC_WARN_UNINITIALIZED_AUTOS = YES_AGGRESSIVE;
				GCC_WARN_UNUSED_FUNCTION = YES;
				GCC_WARN_UNUSED_VARIABLE = YES;
				IPHONEOS_DEPLOYMENT_TARGET = 13.2;
				MTL_ENABLE_DEBUG_INFO = INCLUDE_SOURCE;
				MTL_FAST_MATH = YES;
				ONLY_ACTIVE_ARCH = YES;
				SDKROOT = iphoneos;
				SWIFT_ACTIVE_COMPILATION_CONDITIONS = DEBUG;
				SWIFT_OPTIMIZATION_LEVEL = "-Onone";
			};
			name = ImageUploaderSample;
		};
		5E4408C623E72DEB003BBB91 /* ImageUploaderSample */ = {
			isa = XCBuildConfiguration;
			baseConfigurationReference = 32019FF3896D42FE57B1C15C /* Pods-ImageUploaderSample.imageuploadersample.xcconfig */;
			buildSettings = {
				ASSETCATALOG_COMPILER_APPICON_NAME = AppIcon;
				CODE_SIGN_STYLE = Automatic;
				DEVELOPMENT_TEAM = EHNB78KN5B;
				INFOPLIST_FILE = ImageUploaderSample/Info.plist;
				LD_RUNPATH_SEARCH_PATHS = (
					"$(inherited)",
					"@executable_path/Frameworks",
				);
				PRODUCT_BUNDLE_IDENTIFIER = com.ImageUploaderSample.ImageUploaderSample;
				PRODUCT_NAME = "$(TARGET_NAME)";
				SWIFT_VERSION = 5.0;
				TARGETED_DEVICE_FAMILY = "1,2";
			};
			name = ImageUploaderSample;
		};
		5E4408C723E72DEB003BBB91 /* ImageUploaderSample */ = {
			isa = XCBuildConfiguration;
			baseConfigurationReference = 88B4AA64F097B847117D03F2 /* Pods-ImageUploaderSampleTests.imageuploadersample.xcconfig */;
			buildSettings = {
				ALWAYS_EMBED_SWIFT_STANDARD_LIBRARIES = YES;
				BUNDLE_LOADER = "$(TEST_HOST)";
				CLANG_ENABLE_MODULES = YES;
				CODE_SIGN_STYLE = Automatic;
				DEVELOPMENT_TEAM = EHNB78KN5B;
				INFOPLIST_FILE = ImageUploaderSampleTests/Info.plist;
				IPHONEOS_DEPLOYMENT_TARGET = 13.2;
				LD_RUNPATH_SEARCH_PATHS = (
					"$(inherited)",
					"@executable_path/Frameworks",
					"@loader_path/Frameworks",
				);
				PRODUCT_BUNDLE_IDENTIFIER = com.ImageUploaderSample.ImageUploaderSampleTests;
				PRODUCT_NAME = "$(TARGET_NAME)";
				SWIFT_OPTIMIZATION_LEVEL = "-Onone";
				SWIFT_VERSION = 5.0;
				TARGETED_DEVICE_FAMILY = "1,2";
				TEST_HOST = "$(BUILT_PRODUCTS_DIR)/ImageUploaderSample.app/ImageUploaderSample";
			};
			name = ImageUploaderSample;
		};
		5E4408C823E72DEB003BBB91 /* ImageUploaderSample */ = {
			isa = XCBuildConfiguration;
			baseConfigurationReference = 6B587D72657DCFA364FEB792 /* Pods-ImageUploaderSample-ImageUploaderSampleUITests.imageuploadersample.xcconfig */;
			buildSettings = {
				ALWAYS_EMBED_SWIFT_STANDARD_LIBRARIES = YES;
				CODE_SIGN_STYLE = Automatic;
				DEVELOPMENT_TEAM = EHNB78KN5B;
				INFOPLIST_FILE = ImageUploaderSampleUITests/Info.plist;
				LD_RUNPATH_SEARCH_PATHS = (
					"$(inherited)",
					"@executable_path/Frameworks",
					"@loader_path/Frameworks",
				);
				PRODUCT_BUNDLE_IDENTIFIER = com.ImageUploaderSample.ImageUploaderSampleUITests;
				PRODUCT_NAME = "$(TARGET_NAME)";
				SWIFT_VERSION = 5.0;
				TARGETED_DEVICE_FAMILY = "1,2";
				TEST_TARGET_NAME = ImageUploaderSample;
			};
			name = ImageUploaderSample;
		};
		5E7C75BB23DECEC100853682 /* Release */ = {
			isa = XCBuildConfiguration;
			buildSettings = {
				ALWAYS_SEARCH_USER_PATHS = NO;
				CLANG_ANALYZER_NONNULL = YES;
				CLANG_ANALYZER_NUMBER_OBJECT_CONVERSION = YES_AGGRESSIVE;
				CLANG_CXX_LANGUAGE_STANDARD = "gnu++14";
				CLANG_CXX_LIBRARY = "libc++";
				CLANG_ENABLE_MODULES = YES;
				CLANG_ENABLE_OBJC_ARC = YES;
				CLANG_ENABLE_OBJC_WEAK = YES;
				CLANG_WARN_BLOCK_CAPTURE_AUTORELEASING = YES;
				CLANG_WARN_BOOL_CONVERSION = YES;
				CLANG_WARN_COMMA = YES;
				CLANG_WARN_CONSTANT_CONVERSION = YES;
				CLANG_WARN_DEPRECATED_OBJC_IMPLEMENTATIONS = YES;
				CLANG_WARN_DIRECT_OBJC_ISA_USAGE = YES_ERROR;
				CLANG_WARN_DOCUMENTATION_COMMENTS = YES;
				CLANG_WARN_EMPTY_BODY = YES;
				CLANG_WARN_ENUM_CONVERSION = YES;
				CLANG_WARN_INFINITE_RECURSION = YES;
				CLANG_WARN_INT_CONVERSION = YES;
				CLANG_WARN_NON_LITERAL_NULL_CONVERSION = YES;
				CLANG_WARN_OBJC_IMPLICIT_RETAIN_SELF = YES;
				CLANG_WARN_OBJC_LITERAL_CONVERSION = YES;
				CLANG_WARN_OBJC_ROOT_CLASS = YES_ERROR;
				CLANG_WARN_RANGE_LOOP_ANALYSIS = YES;
				CLANG_WARN_STRICT_PROTOTYPES = YES;
				CLANG_WARN_SUSPICIOUS_MOVE = YES;
				CLANG_WARN_UNGUARDED_AVAILABILITY = YES_AGGRESSIVE;
				CLANG_WARN_UNREACHABLE_CODE = YES;
				CLANG_WARN__DUPLICATE_METHOD_MATCH = YES;
				COPY_PHASE_STRIP = NO;
				DEBUG_INFORMATION_FORMAT = "dwarf-with-dsym";
				ENABLE_NS_ASSERTIONS = NO;
				ENABLE_STRICT_OBJC_MSGSEND = YES;
				GCC_C_LANGUAGE_STANDARD = gnu11;
				GCC_NO_COMMON_BLOCKS = YES;
				GCC_WARN_64_TO_32_BIT_CONVERSION = YES;
				GCC_WARN_ABOUT_RETURN_TYPE = YES_ERROR;
				GCC_WARN_UNDECLARED_SELECTOR = YES;
				GCC_WARN_UNINITIALIZED_AUTOS = YES_AGGRESSIVE;
				GCC_WARN_UNUSED_FUNCTION = YES;
				GCC_WARN_UNUSED_VARIABLE = YES;
				IPHONEOS_DEPLOYMENT_TARGET = 13.2;
				MTL_ENABLE_DEBUG_INFO = NO;
				MTL_FAST_MATH = YES;
				SDKROOT = iphoneos;
				SWIFT_COMPILATION_MODE = wholemodule;
				SWIFT_OPTIMIZATION_LEVEL = "-O";
				VALIDATE_PRODUCT = YES;
			};
			name = Release;
		};
		5E7C75BE23DECEC100853682 /* Release */ = {
			isa = XCBuildConfiguration;
			baseConfigurationReference = F3D7BC861EFF3D410F4C9F02 /* Pods-ImageUploaderSample.release.xcconfig */;
			buildSettings = {
				ASSETCATALOG_COMPILER_APPICON_NAME = AppIcon;
				CODE_SIGN_STYLE = Automatic;
				DEVELOPMENT_TEAM = EHNB78KN5B;
				INFOPLIST_FILE = ImageUploaderSample/Info.plist;
				LD_RUNPATH_SEARCH_PATHS = (
					"$(inherited)",
					"@executable_path/Frameworks",
				);
				PRODUCT_BUNDLE_IDENTIFIER = com.ImageUploaderSample.ImageUploaderSample;
				PRODUCT_NAME = "$(TARGET_NAME)";
				SWIFT_VERSION = 5.0;
				TARGETED_DEVICE_FAMILY = "1,2";
			};
			name = Release;
		};
		5E7C75C123DECEC100853682 /* Release */ = {
			isa = XCBuildConfiguration;
			baseConfigurationReference = 89495768D18FA322AB02A064 /* Pods-ImageUploaderSampleTests.release.xcconfig */;
			buildSettings = {
				ALWAYS_EMBED_SWIFT_STANDARD_LIBRARIES = YES;
				BUNDLE_LOADER = "$(TEST_HOST)";
				CLANG_ENABLE_MODULES = YES;
				CODE_SIGN_STYLE = Automatic;
				DEVELOPMENT_TEAM = EHNB78KN5B;
				INFOPLIST_FILE = ImageUploaderSampleTests/Info.plist;
				IPHONEOS_DEPLOYMENT_TARGET = 13.2;
				LD_RUNPATH_SEARCH_PATHS = (
					"$(inherited)",
					"@executable_path/Frameworks",
					"@loader_path/Frameworks",
				);
				PRODUCT_BUNDLE_IDENTIFIER = com.ImageUploaderSample.ImageUploaderSampleTests;
				PRODUCT_NAME = "$(TARGET_NAME)";
				SWIFT_VERSION = 5.0;
				TARGETED_DEVICE_FAMILY = "1,2";
				TEST_HOST = "$(BUILT_PRODUCTS_DIR)/ImageUploaderSample.app/ImageUploaderSample";
			};
			name = Release;
		};
		5E7C75C423DECEC100853682 /* Release */ = {
			isa = XCBuildConfiguration;
			baseConfigurationReference = F248D3B30F66E4E4E4F79F8B /* Pods-ImageUploaderSample-ImageUploaderSampleUITests.release.xcconfig */;
			buildSettings = {
				ALWAYS_EMBED_SWIFT_STANDARD_LIBRARIES = YES;
				CODE_SIGN_STYLE = Automatic;
				DEVELOPMENT_TEAM = EHNB78KN5B;
				INFOPLIST_FILE = ImageUploaderSampleUITests/Info.plist;
				LD_RUNPATH_SEARCH_PATHS = (
					"$(inherited)",
					"@executable_path/Frameworks",
					"@loader_path/Frameworks",
				);
				PRODUCT_BUNDLE_IDENTIFIER = com.ImageUploaderSample.ImageUploaderSampleUITests;
				PRODUCT_NAME = "$(TARGET_NAME)";
				SWIFT_VERSION = 5.0;
				TARGETED_DEVICE_FAMILY = "1,2";
				TEST_TARGET_NAME = ImageUploaderSample;
			};
			name = Release;
		};
/* End XCBuildConfiguration section */

/* Begin XCConfigurationList section */
		5E7C758D23DECEBE00853682 /* Build configuration list for PBXProject "ImageUploaderSample" */ = {
			isa = XCConfigurationList;
			buildConfigurations = (
				5E4408C523E72DEB003BBB91 /* ImageUploaderSample */,
				5E7C75BB23DECEC100853682 /* Release */,
			);
			defaultConfigurationIsVisible = 0;
			defaultConfigurationName = Release;
		};
		5E7C75BC23DECEC100853682 /* Build configuration list for PBXNativeTarget "ImageUploaderSample" */ = {
			isa = XCConfigurationList;
			buildConfigurations = (
				5E4408C623E72DEB003BBB91 /* ImageUploaderSample */,
				5E7C75BE23DECEC100853682 /* Release */,
			);
			defaultConfigurationIsVisible = 0;
			defaultConfigurationName = Release;
		};
		5E7C75BF23DECEC100853682 /* Build configuration list for PBXNativeTarget "ImageUploaderSampleTests" */ = {
			isa = XCConfigurationList;
			buildConfigurations = (
				5E4408C723E72DEB003BBB91 /* ImageUploaderSample */,
				5E7C75C123DECEC100853682 /* Release */,
			);
			defaultConfigurationIsVisible = 0;
			defaultConfigurationName = Release;
		};
		5E7C75C223DECEC100853682 /* Build configuration list for PBXNativeTarget "ImageUploaderSampleUITests" */ = {
			isa = XCConfigurationList;
			buildConfigurations = (
				5E4408C823E72DEB003BBB91 /* ImageUploaderSample */,
				5E7C75C423DECEC100853682 /* Release */,
			);
			defaultConfigurationIsVisible = 0;
			defaultConfigurationName = Release;
		};
/* End XCConfigurationList section */
	};
	rootObject = 5E7C758A23DECEBE00853682 /* Project object */;
}
