<?xml version="1.0" encoding="UTF-8"?>
<Scheme
   LastUpgradeVersion = "1130"
   version = "1.3">
   <BuildAction
      parallelizeBuildables = "YES"
      buildImplicitDependencies = "YES">
      <BuildActionEntries>
         <BuildActionEntry
            buildForTesting = "YES"
            buildForRunning = "YES"
            buildForProfiling = "YES"
            buildForArchiving = "YES"
            buildForAnalyzing = "YES">
            <BuildableReference
               BuildableIdentifier = "primary"
               BlueprintIdentifier = "5E7C759123DECEBE00853682"
               BuildableName = "ImageUploaderSample.app"
               BlueprintName = "ImageUploaderSample"
               ReferencedContainer = "container:ImageUploaderSample.xcodeproj">
            </BuildableReference>
         </BuildActionEntry>
      </BuildActionEntries>
   </BuildAction>
   <TestAction
      buildConfiguration = "ImageUploaderSample"
      selectedDebuggerIdentifier = "Xcode.DebuggerFoundation.Debugger.LLDB"
      selectedLauncherIdentifier = "Xcode.DebuggerFoundation.Launcher.LLDB"
      shouldUseLaunchSchemeArgsEnv = "YES"
      codeCoverageEnabled = "YES">
      <Testables>
         <TestableReference
            skipped = "NO">
            <BuildableReference
               BuildableIdentifier = "primary"
               BlueprintIdentifier = "5E7C75A723DECEC000853682"
               BuildableName = "ImageUploaderSampleTests.xctest"
               BlueprintName = "ImageUploaderSampleTests"
               ReferencedContainer = "container:ImageUploaderSample.xcodeproj">
            </BuildableReference>
         </TestableReference>
         <TestableReference
            skipped = "NO">
            <BuildableReference
               BuildableIdentifier = "primary"
               BlueprintIdentifier = "5E7C75B223DECEC000853682"
               BuildableName = "ImageUploaderSampleUITests.xctest"
               BlueprintName = "ImageUploaderSampleUITests"
               ReferencedContainer = "container:ImageUploaderSample.xcodeproj">
            </BuildableReference>
         </TestableReference>
      </Testables>
   </TestAction>
   <LaunchAction
      buildConfiguration = "ImageUploaderSample"
      selectedDebuggerIdentifier = "Xcode.DebuggerFoundation.Debugger.LLDB"
      selectedLauncherIdentifier = "Xcode.DebuggerFoundation.Launcher.LLDB"
      launchStyle = "0"
      useCustomWorkingDirectory = "NO"
      ignoresPersistentStateOnLaunch = "NO"
      debugDocumentVersioning = "YES"
      debugServiceExtension = "internal"
      allowLocationSimulation = "YES">
      <BuildableProductRunnable
         runnableDebuggingMode = "0">
         <BuildableReference
            BuildableIdentifier = "primary"
            BlueprintIdentifier = "5E7C759123DECEBE00853682"
            BuildableName = "ImageUploaderSample.app"
            BlueprintName = "ImageUploaderSample"
            ReferencedContainer = "container:ImageUploaderSample.xcodeproj">
         </BuildableReference>
      </BuildableProductRunnable>
   </LaunchAction>
   <ProfileAction
      buildConfiguration = "ImageUploaderSample"
      shouldUseLaunchSchemeArgsEnv = "YES"
      savedToolIdentifier = ""
      useCustomWorkingDirectory = "NO"
      debugDocumentVersioning = "YES">
      <BuildableProductRunnable
         runnableDebuggingMode = "0">
         <BuildableReference
            BuildableIdentifier = "primary"
            BlueprintIdentifier = "5E7C759123DECEBE00853682"
            BuildableName = "ImageUploaderSample.app"
            BlueprintName = "ImageUploaderSample"
            ReferencedContainer = "container:ImageUploaderSample.xcodeproj">
         </BuildableReference>
      </BuildableProductRunnable>
   </ProfileAction>
   <AnalyzeAction
      buildConfiguration = "ImageUploaderSample">
   </AnalyzeAction>
   <ArchiveAction
      buildConfiguration = "ImageUploaderSample"
      revealArchiveInOrganizer = "YES">
   </ArchiveAction>
</Scheme>
